Microsoft Visual Studio Solution File, Format Version 12.00
# Visual Studio Version 17
VisualStudioVersion = 17.5.2.0
MinimumVisualStudioVersion = 10.0.40219.1
Project("{FAE04EC0-301F-11D3-BF4B-00C04F79EFBC}") = "exercise14", "exercise14.csproj", "{58EBBC70-5A56-9AF2-5AF1-ECE6380722E1}"
EndProject
Global
	GlobalSection(SolutionConfigurationPlatforms) = preSolution
		Debug|Any CPU = Debug|Any CPU
		Release|Any CPU = Release|Any CPU
	EndGlobalSection
	GlobalSection(ProjectConfigurationPlatforms) = postSolution
		{58EBBC70-5A56-9AF2-5AF1-ECE6380722E1}.Debug|Any CPU.ActiveCfg = Debug|Any CPU
		{58EBBC70-5A56-9AF2-5AF1-ECE6380722E1}.Debug|Any CPU.Build.0 = Debug|Any CPU
		{58EBBC70-5A56-9AF2-5AF1-ECE6380722E1}.Release|Any CPU.ActiveCfg = Release|Any CPU
		{58EBBC70-5A56-9AF2-5AF1-ECE6380722E1}.Release|Any CPU.Build.0 = Release|Any CPU
	EndGlobalSection
	GlobalSection(SolutionProperties) = preSolution
		HideSolutionNode = FALSE
	EndGlobalSection
	GlobalSection(ExtensibilityGlobals) = postSolution
		SolutionGuid = {5DDAD601-C668-4457-9B1C-238788D85D67}
	EndGlobalSection
EndGlobal
