Microsoft Visual Studio Solution File, Format Version 12.00
# Visual Studio Version 17
VisualStudioVersion = 17.5.2.0
MinimumVisualStudioVersion = 10.0.40219.1
Project("{FAE04EC0-301F-11D3-BF4B-00C04F79EFBC}") = "exercise16", "exercise16.csproj", "{C1937B23-E619-5141-E99D-B82C443CED22}"
EndProject
Global
	GlobalSection(SolutionConfigurationPlatforms) = preSolution
		Debug|Any CPU = Debug|Any CPU
		Release|Any CPU = Release|Any CPU
	EndGlobalSection
	GlobalSection(ProjectConfigurationPlatforms) = postSolution
		{C1937B23-E619-5141-E99D-B82C443CED22}.Debug|Any CPU.ActiveCfg = Debug|Any CPU
		{C1937B23-E619-5141-E99D-B82C443CED22}.Debug|Any CPU.Build.0 = Debug|Any CPU
		{C1937B23-E619-5141-E99D-B82C443CED22}.Release|Any CPU.ActiveCfg = Release|Any CPU
		{C1937B23-E619-5141-E99D-B82C443CED22}.Release|Any CPU.Build.0 = Release|Any CPU
	EndGlobalSection
	GlobalSection(SolutionProperties) = preSolution
		HideSolutionNode = FALSE
	EndGlobalSection
	GlobalSection(ExtensibilityGlobals) = postSolution
		SolutionGuid = {2A327CE2-0AA0-4ABF-90B9-E380CE7E90DC}
	EndGlobalSection
EndGlobal
