Microsoft Visual Studio Solution File, Format Version 12.00
# Visual Studio Version 17
VisualStudioVersion = 17.5.2.0
MinimumVisualStudioVersion = 10.0.40219.1
Project("{FAE04EC0-301F-11D3-BF4B-00C04F79EFBC}") = "exercise31", "exercise31.csproj", "{A12CD4AA-5007-6FE2-B497-826EABF5E0EB}"
EndProject
Global
	GlobalSection(SolutionConfigurationPlatforms) = preSolution
		Debug|Any CPU = Debug|Any CPU
		Release|Any CPU = Release|Any CPU
	EndGlobalSection
	GlobalSection(ProjectConfigurationPlatforms) = postSolution
		{A12CD4AA-5007-6FE2-B497-826EABF5E0EB}.Debug|Any CPU.ActiveCfg = Debug|Any CPU
		{A12CD4AA-5007-6FE2-B497-826EABF5E0EB}.Debug|Any CPU.Build.0 = Debug|Any CPU
		{A12CD4AA-5007-6FE2-B497-826EABF5E0EB}.Release|Any CPU.ActiveCfg = Release|Any CPU
		{A12CD4AA-5007-6FE2-B497-826EABF5E0EB}.Release|Any CPU.Build.0 = Release|Any CPU
	EndGlobalSection
	GlobalSection(SolutionProperties) = preSolution
		HideSolutionNode = FALSE
	EndGlobalSection
	GlobalSection(ExtensibilityGlobals) = postSolution
		SolutionGuid = {9DF3FC78-3C69-47FB-A1EB-D4421618D21E}
	EndGlobalSection
EndGlobal
