Microsoft Visual Studio Solution File, Format Version 12.00
# Visual Studio Version 17
VisualStudioVersion = 17.5.2.0
MinimumVisualStudioVersion = 10.0.40219.1
Project("{FAE04EC0-301F-11D3-BF4B-00C04F79EFBC}") = "exercise17", "exercise17.csproj", "{B426F946-0C3C-8EAA-53A7-9D34C7148AC5}"
EndProject
Global
	GlobalSection(SolutionConfigurationPlatforms) = preSolution
		Debug|Any CPU = Debug|Any CPU
		Release|Any CPU = Release|Any CPU
	EndGlobalSection
	GlobalSection(ProjectConfigurationPlatforms) = postSolution
		{B426F946-0C3C-8EAA-53A7-9D34C7148AC5}.Debug|Any CPU.ActiveCfg = Debug|Any CPU
		{B426F946-0C3C-8EAA-53A7-9D34C7148AC5}.Debug|Any CPU.Build.0 = Debug|Any CPU
		{B426F946-0C3C-8EAA-53A7-9D34C7148AC5}.Release|Any CPU.ActiveCfg = Release|Any CPU
		{B426F946-0C3C-8EAA-53A7-9D34C7148AC5}.Release|Any CPU.Build.0 = Release|Any CPU
	EndGlobalSection
	GlobalSection(SolutionProperties) = preSolution
		HideSolutionNode = FALSE
	EndGlobalSection
	GlobalSection(ExtensibilityGlobals) = postSolution
		SolutionGuid = {520881DD-69D7-4693-8BCC-E5E699D4CFBD}
	EndGlobalSection
EndGlobal
