Microsoft Visual Studio Solution File, Format Version 12.00
# Visual Studio Version 17
VisualStudioVersion = 17.5.2.0
MinimumVisualStudioVersion = 10.0.40219.1
Project("{FAE04EC0-301F-11D3-BF4B-00C04F79EFBC}") = "exercise23", "exercise23.csproj", "{74D4A562-0375-4F38-0F93-56B8AFB1A410}"
EndProject
Global
	GlobalSection(SolutionConfigurationPlatforms) = preSolution
		Debug|Any CPU = Debug|Any CPU
		Release|Any CPU = Release|Any CPU
	EndGlobalSection
	GlobalSection(ProjectConfigurationPlatforms) = postSolution
		{74D4A562-0375-4F38-0F93-56B8AFB1A410}.Debug|Any CPU.ActiveCfg = Debug|Any CPU
		{74D4A562-0375-4F38-0F93-56B8AFB1A410}.Debug|Any CPU.Build.0 = Debug|Any CPU
		{74D4A562-0375-4F38-0F93-56B8AFB1A410}.Release|Any CPU.ActiveCfg = Release|Any CPU
		{74D4A562-0375-4F38-0F93-56B8AFB1A410}.Release|Any CPU.Build.0 = Release|Any CPU
	EndGlobalSection
	GlobalSection(SolutionProperties) = preSolution
		HideSolutionNode = FALSE
	EndGlobalSection
	GlobalSection(ExtensibilityGlobals) = postSolution
		SolutionGuid = {5085E515-696E-4124-93E7-4C1785424284}
	EndGlobalSection
EndGlobal
