Microsoft Visual Studio Solution File, Format Version 12.00
# Visual Studio Version 17
VisualStudioVersion = 17.5.2.0
MinimumVisualStudioVersion = 10.0.40219.1
Project("{FAE04EC0-301F-11D3-BF4B-00C04F79EFBC}") = "exercise08", "exercise08.csproj", "{1441C27E-5E5E-72C6-D663-3D2084BCD6E2}"
EndProject
Global
	GlobalSection(SolutionConfigurationPlatforms) = preSolution
		Debug|Any CPU = Debug|Any CPU
		Release|Any CPU = Release|Any CPU
	EndGlobalSection
	GlobalSection(ProjectConfigurationPlatforms) = postSolution
		{1441C27E-5E5E-72C6-D663-3D2084BCD6E2}.Debug|Any CPU.ActiveCfg = Debug|Any CPU
		{1441C27E-5E5E-72C6-D663-3D2084BCD6E2}.Debug|Any CPU.Build.0 = Debug|Any CPU
		{1441C27E-5E5E-72C6-D663-3D2084BCD6E2}.Release|Any CPU.ActiveCfg = Release|Any CPU
		{1441C27E-5E5E-72C6-D663-3D2084BCD6E2}.Release|Any CPU.Build.0 = Release|Any CPU
	EndGlobalSection
	GlobalSection(SolutionProperties) = preSolution
		HideSolutionNode = FALSE
	EndGlobalSection
	GlobalSection(ExtensibilityGlobals) = postSolution
		SolutionGuid = {61E55536-52A3-4333-89C2-AC2E0E87336F}
	EndGlobalSection
EndGlobal
