Microsoft Visual Studio Solution File, Format Version 12.00
# Visual Studio Version 17
VisualStudioVersion = 17.5.2.0
MinimumVisualStudioVersion = 10.0.40219.1
Project("{FAE04EC0-301F-11D3-BF4B-00C04F79EFBC}") = "exercise21", "exercise21.csproj", "{CF249A9B-64F0-A1E8-0BBB-AA86EDB43707}"
EndProject
Global
	GlobalSection(SolutionConfigurationPlatforms) = preSolution
		Debug|Any CPU = Debug|Any CPU
		Release|Any CPU = Release|Any CPU
	EndGlobalSection
	GlobalSection(ProjectConfigurationPlatforms) = postSolution
		{CF249A9B-64F0-A1E8-0BBB-AA86EDB43707}.Debug|Any CPU.ActiveCfg = Debug|Any CPU
		{CF249A9B-64F0-A1E8-0BBB-AA86EDB43707}.Debug|Any CPU.Build.0 = Debug|Any CPU
		{CF249A9B-64F0-A1E8-0BBB-AA86EDB43707}.Release|Any CPU.ActiveCfg = Release|Any CPU
		{CF249A9B-64F0-A1E8-0BBB-AA86EDB43707}.Release|Any CPU.Build.0 = Release|Any CPU
	EndGlobalSection
	GlobalSection(SolutionProperties) = preSolution
		HideSolutionNode = FALSE
	EndGlobalSection
	GlobalSection(ExtensibilityGlobals) = postSolution
		SolutionGuid = {9BB1CFEF-968C-47C1-A656-11F1695D704B}
	EndGlobalSection
EndGlobal
